// !$*UTF8*$!
{
	archiveVersion = 1;
	classes = {
	};
	objectVersion = 50;
	objects = {

/* Begin PBXBuildFile section */
		671E2E9424EFBA01007F1465 /* AppDelegate.swift in Sources */ = {isa = PBXBuildFile; fileRef = 671E2E9324EFBA01007F1465 /* AppDelegate.swift */; };
		671E2E9624EFBA01007F1465 /* art.scnassets in Resources */ = {isa = PBXBuildFile; fileRef = 671E2E9524EFBA01007F1465 /* art.scnassets */; };
		671E2E9824EFBA01007F1465 /* ViewController.swift in Sources */ = {isa = PBXBuildFile; fileRef = 671E2E9724EFBA01007F1465 /* ViewController.swift */; };
		671E2E9B24EFBA01007F1465 /* Main.storyboard in Resources */ = {isa = PBXBuildFile; fileRef = 671E2E9924EFBA01007F1465 /* Main.storyboard */; };
		671E2E9D24EFBA03007F1465 /* Assets.xcassets in Resources */ = {isa = PBXBuildFile; fileRef = 671E2E9C24EFBA03007F1465 /* Assets.xcassets */; };
		671E2EA024EFBA03007F1465 /* LaunchScreen.storyboard in Resources */ = {isa = PBXBuildFile; fileRef = 671E2E9E24EFBA03007F1465 /* LaunchScreen.storyboard */; };
/* End PBXBuildFile section */

/* Begin PBXFileReference section */
		671E2E9024EFBA01007F1465 /* MeasureAR.app */ = {isa = PBXFileReference; explicitFileType = wrapper.application; includeInIndex = 0; path = MeasureAR.app; sourceTree = BUILT_PRODUCTS_DIR; };
		671E2E9324EFBA01007F1465 /* AppDelegate.swift */ = {isa = PBXFileReference; lastKnownFileType = sourcecode.swift; path = AppDelegate.swift; sourceTree = "<group>"; };
		671E2E9524EFBA01007F1465 /* art.scnassets */ = {isa = PBXFileReference; lastKnownFileType = wrapper.scnassets; path = art.scnassets; sourceTree = "<group>"; };
		671E2E9724EFBA01007F1465 /* ViewController.swift */ = {isa = PBXFileReference; lastKnownFileType = sourcecode.swift; path = ViewController.swift; sourceTree = "<group>"; };
		671E2E9A24EFBA01007F1465 /* Base */ = {isa = PBXFileReference; lastKnownFileType = file.storyboard; name = Base; path = Base.lproj/Main.storyboard; sourceTree = "<group>"; };
		671E2E9C24EFBA03007F1465 /* Assets.xcassets */ = {isa = PBXFileReference; lastKnownFileType = folder.assetcatalog; path = Assets.xcassets; sourceTree = "<group>"; };
		671E2E9F24EFBA03007F1465 /* Base */ = {isa = PBXFileReference; lastKnownFileType = file.storyboard; name = Base; path = Base.lproj/LaunchScreen.storyboard; sourceTree = "<group>"; };
		671E2EA124EFBA03007F1465 /* Info.plist */ = {isa = PBXFileReference; lastKnownFileType = text.plist.xml; path = Info.plist; sourceTree = "<group>"; };
/* End PBXFileReference section */

/* Begin PBXFrameworksBuildPhase section */
		671E2E8D24EFBA01007F1465 /* Frameworks */ = {
			isa = PBXFrameworksBuildPhase;
			buildActionMask = 2147483647;
			files = (
			);
			runOnlyForDeploymentPostprocessing = 0;
		};
/* End PBXFrameworksBuildPhase section */

/* Begin PBXGroup section */
		671E2E8724EFBA01007F1465 = {
			isa = PBXGroup;
			children = (
				671E2E9224EFBA01007F1465 /* MeasureAR */,
				671E2E9124EFBA01007F1465 /* Products */,
			);
			sourceTree = "<group>";
		};
		671E2E9124EFBA01007F1465 /* Products */ = {
			isa = PBXGroup;
			children = (
				671E2E9024EFBA01007F1465 /* MeasureAR.app */,
			);
			name = Products;
			sourceTree = "<group>";
		};
		671E2E9224EFBA01007F1465 /* MeasureAR */ = {
			isa = PBXGroup;
			children = (
				671E2E9324EFBA01007F1465 /* AppDelegate.swift */,
				671E2E9524EFBA01007F1465 /* art.scnassets */,
				671E2E9724EFBA01007F1465 /* ViewController.swift */,
				671E2E9924EFBA01007F1465 /* Main.storyboard */,
				671E2E9C24EFBA03007F1465 /* Assets.xcassets */,
				671E2E9E24EFBA03007F1465 /* LaunchScreen.storyboard */,
				671E2EA124EFBA03007F1465 /* Info.plist */,
			);
			path = MeasureAR;
			sourceTree = "<group>";
		};
/* End PBXGroup section */

/* Begin PBXNativeTarget section */
		671E2E8F24EFBA01007F1465 /* MeasureAR */ = {
			isa = PBXNativeTarget;
			buildConfigurationList = 671E2EA424EFBA03007F1465 /* Build configuration list for PBXNativeTarget "MeasureAR" */;
			buildPhases = (
				671E2E8C24EFBA01007F1465 /* Sources */,
				671E2E8D24EFBA01007F1465 /* Frameworks */,
				671E2E8E24EFBA01007F1465 /* Resources */,
			);
			buildRules = (
			);
			dependencies = (
			);
			name = MeasureAR;
			productName = MeasureAR;
			productReference = 671E2E9024EFBA01007F1465 /* MeasureAR.app */;
			productType = "com.apple.product-type.application";
		};
/* End PBXNativeTarget section */

/* Begin PBXProject section */
		671E2E8824EFBA01007F1465 /* Project object */ = {
			isa = PBXProject;
			attributes = {
				LastSwiftUpdateCheck = 1160;
				LastUpgradeCheck = 1160;
				ORGANIZATIONNAME = "Kishlay Chhajer";
				TargetAttributes = {
					671E2E8F24EFBA01007F1465 = {
						CreatedOnToolsVersion = 11.6;
					};
				};
			};
			buildConfigurationList = 671E2E8B24EFBA01007F1465 /* Build configuration list for PBXProject "MeasureAR" */;
			compatibilityVersion = "Xcode 9.3";
			developmentRegion = en;
			hasScannedForEncodings = 0;
			knownRegions = (
				en,
				Base,
			);
			mainGroup = 671E2E8724EFBA01007F1465;
			productRefGroup = 671E2E9124EFBA01007F1465 /* Products */;
			projectDirPath = "";
			projectRoot = "";
			targets = (
				671E2E8F24EFBA01007F1465 /* MeasureAR */,
			);
		};
/* End PBXProject section */

/* Begin PBXResourcesBuildPhase section */
		671E2E8E24EFBA01007F1465 /* Resources */ = {
			isa = PBXResourcesBuildPhase;
			buildActionMask = 2147483647;
			files = (
				671E2E9624EFBA01007F1465 /* art.scnassets in Resources */,
				671E2EA024EFBA03007F1465 /* LaunchScreen.storyboard in Resources */,
				671E2E9D24EFBA03007F1465 /* Assets.xcassets in Resources */,
				671E2E9B24EFBA01007F1465 /* Main.storyboard in Resources */,
			);
			runOnlyForDeploymentPostprocessing = 0;
		};
/* End PBXResourcesBuildPhase section */

/* Begin PBXSourcesBuildPhase section */
		671E2E8C24EFBA01007F1465 /* Sources */ = {
			isa = PBXSourcesBuildPhase;
			buildActionMask = 2147483647;
			files = (
				671E2E9824EFBA01007F1465 /* ViewController.swift in Sources */,
				671E2E9424EFBA01007F1465 /* AppDelegate.swift in Sources */,
			);
			runOnlyForDeploymentPostprocessing = 0;
		};
/* End PBXSourcesBuildPhase section */

/* Begin PBXVariantGroup section */
		671E2E9924EFBA01007F1465 /* Main.storyboard */ = {
			isa = PBXVariantGroup;
			children = (
				671E2E9A24EFBA01007F1465 /* Base */,
			);
			name = Main.storyboard;
			sourceTree = "<group>";
		};
		671E2E9E24EFBA03007F1465 /* LaunchScreen.storyboard */ = {
			isa = PBXVariantGroup;
			children = (
				671E2E9F24EFBA03007F1465 /* Base */,
			);
			name = LaunchScreen.storyboard;
			sourceTree = "<group>";
		};
/* End PBXVariantGroup section */

/* Begin XCBuildConfiguration section */
		671E2EA224EFBA03007F1465 /* Debug */ = {
			isa = XCBuildConfiguration;
			buildSettings = {
				ALWAYS_SEARCH_USER_PATHS = NO;
				CLANG_ANALYZER_NONNULL = YES;
				CLANG_ANALYZER_NUMBER_OBJECT_CONVERSION = YES_AGGRESSIVE;
				CLANG_CXX_LANGUAGE_STANDARD = "gnu++14";
				CLANG_CXX_LIBRARY = "libc++";
				CLANG_ENABLE_MODULES = YES;
				CLANG_ENABLE_OBJC_ARC = YES;
				CLANG_ENABLE_OBJC_WEAK = YES;
				CLANG_WARN_BLOCK_CAPTURE_AUTORELEASING = YES;
				CLANG_WARN_BOOL_CONVERSION = YES;
				CLANG_WARN_COMMA = YES;
				CLANG_WARN_CONSTANT_CONVERSION = YES;
				CLANG_WARN_DEPRECATED_OBJC_IMPLEMENTATIONS = YES;
				CLANG_WARN_DIRECT_OBJC_ISA_USAGE = YES_ERROR;
				CLANG_WARN_DOCUMENTATION_COMMENTS = YES;
				CLANG_WARN_EMPTY_BODY = YES;
				CLANG_WARN_ENUM_CONVERSION = YES;
				CLANG_WARN_INFINITE_RECURSION = YES;
				CLANG_WARN_INT_CONVERSION = YES;
				CLANG_WARN_NON_LITERAL_NULL_CONVERSION = YES;
				CLANG_WARN_OBJC_IMPLICIT_RETAIN_SELF = YES;
				CLANG_WARN_OBJC_LITERAL_CONVERSION = YES;
				CLANG_WARN_OBJC_ROOT_CLASS = YES_ERROR;
				CLANG_WARN_RANGE_LOOP_ANALYSIS = YES;
				CLANG_WARN_STRICT_PROTOTYPES = YES;
				CLANG_WARN_SUSPICIOUS_MOVE = YES;
				CLANG_WARN_UNGUARDED_AVAILABILITY = YES_AGGRESSIVE;
				CLANG_WARN_UNREACHABLE_CODE = YES;
				CLANG_WARN__DUPLICATE_METHOD_MATCH = YES;
				COPY_PHASE_STRIP = NO;
				DEBUG_INFORMATION_FORMAT = dwarf;
				ENABLE_STRICT_OBJC_MSGSEND = YES;
				ENABLE_TESTABILITY = YES;
				GCC_C_LANGUAGE_STANDARD = gnu11;
				GCC_DYNAMIC_NO_PIC = NO;
				GCC_NO_COMMON_BLOCKS = YES;
				GCC_OPTIMIZATION_LEVEL = 0;
				GCC_PREPROCESSOR_DEFINITIONS = (
					"DEBUG=1",
					"$(inherited)",
				);
				GCC_WARN_64_TO_32_BIT_CONVERSION = YES;
				GCC_WARN_ABOUT_RETURN_TYPE = YES_ERROR;
				GCC_WARN_UNDECLARED_SELECTOR = YES;
				GCC_WARN_UNINITIALIZED_AUTOS = YES_AGGRESSIVE;
				GCC_WARN_UNUSED_FUNCTION = YES;
				GCC_WARN_UNUSED_VARIABLE = YES;
				IPHONEOS_DEPLOYMENT_TARGET = 13.6;
				MTL_ENABLE_DEBUG_INFO = INCLUDE_SOURCE;
				MTL_FAST_MATH = YES;
				ONLY_ACTIVE_ARCH = YES;
				SDKROOT = iphoneos;
				SWIFT_ACTIVE_COMPILATION_CONDITIONS = DEBUG;
				SWIFT_OPTIMIZATION_LEVEL = "-Onone";
			};
			name = Debug;
		};
		671E2EA324EFBA03007F1465 /* Release */ = {
			isa = XCBuildConfiguration;
			buildSettings = {
				ALWAYS_SEARCH_USER_PATHS = NO;
				CLANG_ANALYZER_NONNULL = YES;
				CLANG_ANALYZER_NUMBER_OBJECT_CONVERSION = YES_AGGRESSIVE;
				CLANG_CXX_LANGUAGE_STANDARD = "gnu++14";
				CLANG_CXX_LIBRARY = "libc++";
				CLANG_ENABLE_MODULES = YES;
				CLANG_ENABLE_OBJC_ARC = YES;
				CLANG_ENABLE_OBJC_WEAK = YES;
				CLANG_WARN_BLOCK_CAPTURE_AUTORELEASING = YES;
				CLANG_WARN_BOOL_CONVERSION = YES;
				CLANG_WARN_COMMA = YES;
				CLANG_WARN_CONSTANT_CONVERSION = YES;
				CLANG_WARN_DEPRECATED_OBJC_IMPLEMENTATIONS = YES;
				CLANG_WARN_DIRECT_OBJC_ISA_USAGE = YES_ERROR;
				CLANG_WARN_DOCUMENTATION_COMMENTS = YES;
				CLANG_WARN_EMPTY_BODY = YES;
				CLANG_WARN_ENUM_CONVERSION = YES;
				CLANG_WARN_INFINITE_RECURSION = YES;
				CLANG_WARN_INT_CONVERSION = YES;
				CLANG_WARN_NON_LITERAL_NULL_CONVERSION = YES;
				CLANG_WARN_OBJC_IMPLICIT_RETAIN_SELF = YES;
				CLANG_WARN_OBJC_LITERAL_CONVERSION = YES;
				CLANG_WARN_OBJC_ROOT_CLASS = YES_ERROR;
				CLANG_WARN_RANGE_LOOP_ANALYSIS = YES;
				CLANG_WARN_STRICT_PROTOTYPES = YES;
				CLANG_WARN_SUSPICIOUS_MOVE = YES;
				CLANG_WARN_UNGUARDED_AVAILABILITY = YES_AGGRESSIVE;
				CLANG_WARN_UNREACHABLE_CODE = YES;
				CLANG_WARN__DUPLICATE_METHOD_MATCH = YES;
				COPY_PHASE_STRIP = NO;
				DEBUG_INFORMATION_FORMAT = "dwarf-with-dsym";
				ENABLE_NS_ASSERTIONS = NO;
				ENABLE_STRICT_OBJC_MSGSEND = YES;
				GCC_C_LANGUAGE_STANDARD = gnu11;
				GCC_NO_COMMON_BLOCKS = YES;
				GCC_WARN_64_TO_32_BIT_CONVERSION = YES;
				GCC_WARN_ABOUT_RETURN_TYPE = YES_ERROR;
				GCC_WARN_UNDECLARED_SELECTOR = YES;
				GCC_WARN_UNINITIALIZED_AUTOS = YES_AGGRESSIVE;
				GCC_WARN_UNUSED_FUNCTION = YES;
				GCC_WARN_UNUSED_VARIABLE = YES;
				IPHONEOS_DEPLOYMENT_TARGET = 13.6;
				MTL_ENABLE_DEBUG_INFO = NO;
				MTL_FAST_MATH = YES;
				SDKROOT = iphoneos;
				SWIFT_COMPILATION_MODE = wholemodule;
				SWIFT_OPTIMIZATION_LEVEL = "-O";
				VALIDATE_PRODUCT = YES;
			};
			name = Release;
		};
		671E2EA524EFBA03007F1465 /* Debug */ = {
			isa = XCBuildConfiguration;
			buildSettings = {
				ASSETCATALOG_COMPILER_APPICON_NAME = AppIcon;
				CODE_SIGN_STYLE = Automatic;
				DEVELOPMENT_TEAM = V7837DR343;
				INFOPLIST_FILE = MeasureAR/Info.plist;
				LD_RUNPATH_SEARCH_PATHS = (
					"$(inherited)",
					"@executable_path/Frameworks",
				);
				PRODUCT_BUNDLE_IDENTIFIER = com.kishlaychhajer.MeasureAR;
				PRODUCT_NAME = "$(TARGET_NAME)";
				SWIFT_VERSION = 5.0;
				TARGETED_DEVICE_FAMILY = "1,2";
			};
			name = Debug;
		};
		671E2EA624EFBA03007F1465 /* Release */ = {
			isa = XCBuildConfiguration;
			buildSettings = {
				ASSETCATALOG_COMPILER_APPICON_NAME = AppIcon;
				CODE_SIGN_STYLE = Automatic;
				DEVELOPMENT_TEAM = V7837DR343;
				INFOPLIST_FILE = MeasureAR/Info.plist;
				LD_RUNPATH_SEARCH_PATHS = (
					"$(inherited)",
					"@executable_path/Frameworks",
				);
				PRODUCT_BUNDLE_IDENTIFIER = com.kishlaychhajer.MeasureAR;
				PRODUCT_NAME = "$(TARGET_NAME)";
				SWIFT_VERSION = 5.0;
				TARGETED_DEVICE_FAMILY = "1,2";
			};
			name = Release;
		};
/* End XCBuildConfiguration section */

/* Begin XCConfigurationList section */
		671E2E8B24EFBA01007F1465 /* Build configuration list for PBXProject "MeasureAR" */ = {
			isa = XCConfigurationList;
			buildConfigurations = (
				671E2EA224EFBA03007F1465 /* Debug */,
				671E2EA324EFBA03007F1465 /* Release */,
			);
			defaultConfigurationIsVisible = 0;
			defaultConfigurationName = Release;
		};
		671E2EA424EFBA03007F1465 /* Build configuration list for PBXNativeTarget "MeasureAR" */ = {
			isa = XCConfigurationList;
			buildConfigurations = (
				671E2EA524EFBA03007F1465 /* Debug */,
				671E2EA624EFBA03007F1465 /* Release */,
			);
			defaultConfigurationIsVisible = 0;
			defaultConfigurationName = Release;
		};
/* End XCConfigurationList section */
	};
	rootObject = 671E2E8824EFBA01007F1465 /* Project object */;
}
